PODS:
  - APNGKit (0.2.2)
  - Firebase (3.7.0):
    - Firebase/Core (= 3.7.0)
  - Firebase/Analytics (3.7.0):
    - Firebase/Core
  - Firebase/Auth (3.7.0):
    - Firebase/Core
    - FirebaseAuth (= 3.0.5)
  - Firebase/Core (3.7.0):
    - FirebaseAnalytics (= 3.4.3)
    - FirebaseCore (= 3.4.3)
  - Firebase/Database (3.7.0):
    - Firebase/Core
    - FirebaseDatabase (= 3.0.3)
  - Firebase/Storage (3.7.0):
    - Firebase/Core
    - FirebaseStorage (= 1.0.3)
  - FirebaseAnalytics (3.4.3):
    - FirebaseCore (~> 3.4)
    - FirebaseInstanceID (~> 1.0)
    - GoogleInterchangeUtilities (~> 1.2)
    - GoogleSymbolUtilities (~> 1.1)
    - GoogleUtilities (~> 1.3)
  - FirebaseAuth (3.0.5):
    - FirebaseAnalytics (~> 3.3)
    - GoogleNetworkingUtilities (~> 1.2)
    - GoogleUtilities (~> 1.2)
  - FirebaseCore (3.4.3):
    - GoogleInterchangeUtilities (~> 1.2)
    - GoogleUtilities (~> 1.2)
  - FirebaseDatabase (3.0.3):
    - FirebaseAnalytics (~> 3.3)
  - FirebaseInstanceID (1.0.8)
  - FirebaseStorage (1.0.3):
    - FirebaseAnalytics (~> 3.3)
    - GoogleNetworkingUtilities (~> 1.2)
  - GoogleInterchangeUtilities (1.2.2):
    - GoogleSymbolUtilities (~> 1.1)
  - GoogleNetworkingUtilities (1.2.2):
    - GoogleSymbolUtilities (~> 1.1)
  - GoogleSymbolUtilities (1.1.2)
  - GoogleUtilities (1.3.2):
    - GoogleSymbolUtilities (~> 1.1)
  - HCSStarRatingView (1.4.5)
  - IQDropDownTextField (1.1.0)
  - IQKeyboardManagerSwift (4.0.5)
  - JSSAlertView (1.1.5)
  - PopupDialog (0.3.3)
  - SDWebImage (3.8.2):
    - SDWebImage/Core (= 3.8.2)
  - SDWebImage/Core (3.8.2)
  - SVProgressHUD (2.0.3)
  - SWRevealViewController (2.3.0)
  - UIActivityIndicator-for-SDWebImage (1.2):
    - SDWebImage (~> 3.7)

DEPENDENCIES:
  - APNGKit (~> 0.2.2)
  - Firebase
  - Firebase/Analytics
  - Firebase/Auth
  - Firebase/Database
  - Firebase/Storage
  - HCSStarRatingView (~> 1.4.5)
  - IQDropDownTextField (~> 1.0)
  - IQKeyboardManagerSwift (= 4.0.5)
  - JSSAlertView (~> 1.1.5)
  - PopupDialog (~> 0.3.3)
  - SDWebImage (~> 3.8)
  - SVProgressHUD (~> 2.0)
  - SWRevealViewController (~> 2.3)
  - UIActivityIndicator-for-SDWebImage (~> 1.2)

SPEC CHECKSUMS:
  APNGKit: 5f303adb064fe2ff9642a434b7344f2476d60d2c
  Firebase: 3875e140d77c7572c6d4852faf94144ffcdb0704
  FirebaseAnalytics: 02d0aed8c6246a9c8683ac3e9825c67ceb657bde
  FirebaseAuth: 75a062bbf2d3c97d1e6e55bbc110e13a6853e25d
  FirebaseCore: 5a885548bbc5f0c410b04f8e9ac9d73ff1221907
  FirebaseDatabase: 750a4a0fe18ef114318876fd654b2d9c671e0992
  FirebaseInstanceID: ba1e640935235e5fac39dfa816fe7660e72e1a8a
  FirebaseStorage: 3992817bf405f5c1a4f8349678d22724cd0ef509
  GoogleInterchangeUtilities: d5bc4d88d5b661ab72f9d70c58d02ca8c27ad1f7
  GoogleNetworkingUtilities: 3edd3a8161347494f2da60ea0deddc8a472d94cb
  GoogleSymbolUtilities: 631ee17048aa5e9ab133470d768ea997a5ef9b96
  GoogleUtilities: 8bbc733218aad26306f9d4a253823986110e3358
  HCSStarRatingView: bff3f89314d3b5013ce826ea11897d3129ff6b8c
  IQDropDownTextField: 614f79ca905529c992045eaa112d0fc9ebb875d1
  IQKeyboardManagerSwift: 41fd3a45a2cdb2a0e031af697708a95b865068a1
  JSSAlertView: 1ff5d4dcb28b00a38c0293c4c555231c02590be1
  PopupDialog: d6e75fa780d1b3fb1a3044f885a2c6c4c13f10fe
  SDWebImage: 098e97e6176540799c27e804c96653ee0833d13c
  SVProgressHUD: b0830714205bea1317ea1a2ebc71e5633af334d4
  SWRevealViewController: 6d3fd97f70112fd7cef9de14df4260eacce4c63a
  UIActivityIndicator-for-SDWebImage: 7bf7ebbf0ed1747dedc0d6e949c4603a6d0f9e0c

PODFILE CHECKSUM: 2a77ed6138749f93d00259435e62ddfe059c7c00

COCOAPODS: 1.0.1
